
Microsoft Visual Studio Solution File, Format Version 12.00
# Visual Studio Version 17
VisualStudioVersion = 17.12.35527.113
MinimumVisualStudioVersion = 10.0.40219.1
Project("{9A19103F-16F7-4668-BE54-9A1E7A4F7556}") = "DalTest", "DalTest\DalTest.csproj", "{B2BE09A4-F22C-4159-8C3C-05ADB290995F}"
EndProject
Project("{9A19103F-16F7-4668-BE54-9A1E7A4F7556}") = "DalFacade", "DalFacade\DalFacade.csproj", "{5CF330CB-2F41-484D-83D0-5591A8FFB67E}"
EndProject
Project("{9A19103F-16F7-4668-BE54-9A1E7A4F7556}") = "DalList", "DalList\DalList.csproj", "{6F00F74A-6A3B-4288-8B06-5D1EA4025BDB}"
EndProject
Project("{9A19103F-16F7-4668-BE54-9A1E7A4F7556}") = "Tools", "Tools\Tools.csproj", "{B90EAD13-5322-4A61-BCCA-2A01127B6840}"
EndProject
Project("{9A19103F-16F7-4668-BE54-9A1E7A4F7556}") = "BL", "BL\BL.csproj", "{9372134D-1611-7D77-0539-DBBD897F17B7}"
EndProject
Project("{9A19103F-16F7-4668-BE54-9A1E7A4F7556}") = "DalXml", "DalXml\DalXml.csproj", "{A6819810-7C05-4699-AA58-D49C30CE67BB}"
EndProject
Project("{9A19103F-16F7-4668-BE54-9A1E7A4F7556}") = "BlTest", "BlTest\BlTest.csproj", "{0EBF474F-1EB2-4340-88AE-33806DAED1C6}"
EndProject
Project("{2150E333-8FDC-42A3-9474-1A3956D46DE8}") = "xml", "xml", "{165C6C4D-2DA9-486B-9568-B330C80916B4}"
	ProjectSection(SolutionItems) = preProject
		xml\customers.xml = xml\customers.xml
		xml\data-config.xml = xml\data-config.xml
		xml\products.xml = xml\products.xml
		xml\sale.xml = xml\sale.xml
	EndProjectSection
EndProject
Project("{FAE04EC0-301F-11D3-BF4B-00C04F79EFBC}") = "UI", "UI\UI.csproj", "{9156AABB-6E08-4166-BC31-70ABA5543E54}"
EndProject
Global
	GlobalSection(SolutionConfigurationPlatforms) = preSolution
		Debug|Any CPU = Debug|Any CPU
		Release|Any CPU = Release|Any CPU
	EndGlobalSection
	GlobalSection(ProjectConfigurationPlatforms) = postSolution
		{B2BE09A4-F22C-4159-8C3C-05ADB290995F}.Debug|Any CPU.ActiveCfg = Debug|Any CPU
		{B2BE09A4-F22C-4159-8C3C-05ADB290995F}.Debug|Any CPU.Build.0 = Debug|Any CPU
		{B2BE09A4-F22C-4159-8C3C-05ADB290995F}.Release|Any CPU.ActiveCfg = Release|Any CPU
		{B2BE09A4-F22C-4159-8C3C-05ADB290995F}.Release|Any CPU.Build.0 = Release|Any CPU
		{5CF330CB-2F41-484D-83D0-5591A8FFB67E}.Debug|Any CPU.ActiveCfg = Debug|Any CPU
		{5CF330CB-2F41-484D-83D0-5591A8FFB67E}.Debug|Any CPU.Build.0 = Debug|Any CPU
		{5CF330CB-2F41-484D-83D0-5591A8FFB67E}.Release|Any CPU.ActiveCfg = Release|Any CPU
		{5CF330CB-2F41-484D-83D0-5591A8FFB67E}.Release|Any CPU.Build.0 = Release|Any CPU
		{6F00F74A-6A3B-4288-8B06-5D1EA4025BDB}.Debug|Any CPU.ActiveCfg = Debug|Any CPU
		{6F00F74A-6A3B-4288-8B06-5D1EA4025BDB}.Debug|Any CPU.Build.0 = Debug|Any CPU
		{6F00F74A-6A3B-4288-8B06-5D1EA4025BDB}.Release|Any CPU.ActiveCfg = Release|Any CPU
		{6F00F74A-6A3B-4288-8B06-5D1EA4025BDB}.Release|Any CPU.Build.0 = Release|Any CPU
		{B90EAD13-5322-4A61-BCCA-2A01127B6840}.Debug|Any CPU.ActiveCfg = Debug|Any CPU
		{B90EAD13-5322-4A61-BCCA-2A01127B6840}.Debug|Any CPU.Build.0 = Debug|Any CPU
		{B90EAD13-5322-4A61-BCCA-2A01127B6840}.Release|Any CPU.ActiveCfg = Release|Any CPU
		{B90EAD13-5322-4A61-BCCA-2A01127B6840}.Release|Any CPU.Build.0 = Release|Any CPU
		{9372134D-1611-7D77-0539-DBBD897F17B7}.Debug|Any CPU.ActiveCfg = Debug|Any CPU
		{9372134D-1611-7D77-0539-DBBD897F17B7}.Debug|Any CPU.Build.0 = Debug|Any CPU
		{9372134D-1611-7D77-0539-DBBD897F17B7}.Release|Any CPU.ActiveCfg = Release|Any CPU
		{9372134D-1611-7D77-0539-DBBD897F17B7}.Release|Any CPU.Build.0 = Release|Any CPU
		{A6819810-7C05-4699-AA58-D49C30CE67BB}.Debug|Any CPU.ActiveCfg = Debug|Any CPU
		{A6819810-7C05-4699-AA58-D49C30CE67BB}.Debug|Any CPU.Build.0 = Debug|Any CPU
		{A6819810-7C05-4699-AA58-D49C30CE67BB}.Release|Any CPU.ActiveCfg = Release|Any CPU
		{A6819810-7C05-4699-AA58-D49C30CE67BB}.Release|Any CPU.Build.0 = Release|Any CPU
		{0EBF474F-1EB2-4340-88AE-33806DAED1C6}.Debug|Any CPU.ActiveCfg = Debug|Any CPU
		{0EBF474F-1EB2-4340-88AE-33806DAED1C6}.Debug|Any CPU.Build.0 = Debug|Any CPU
		{0EBF474F-1EB2-4340-88AE-33806DAED1C6}.Release|Any CPU.ActiveCfg = Release|Any CPU
		{0EBF474F-1EB2-4340-88AE-33806DAED1C6}.Release|Any CPU.Build.0 = Release|Any CPU
		{9156AABB-6E08-4166-BC31-70ABA5543E54}.Debug|Any CPU.ActiveCfg = Debug|Any CPU
		{9156AABB-6E08-4166-BC31-70ABA5543E54}.Debug|Any CPU.Build.0 = Debug|Any CPU
		{9156AABB-6E08-4166-BC31-70ABA5543E54}.Release|Any CPU.ActiveCfg = Release|Any CPU
		{9156AABB-6E08-4166-BC31-70ABA5543E54}.Release|Any CPU.Build.0 = Release|Any CPU
	EndGlobalSection
	GlobalSection(SolutionProperties) = preSolution
		HideSolutionNode = FALSE
	EndGlobalSection
	GlobalSection(ExtensibilityGlobals) = postSolution
		SolutionGuid = {1032EB4A-676E-4C33-8F98-DD1201D1D569}
	EndGlobalSection
EndGlobal
