
Microsoft Visual Studio Solution File, Format Version 12.00
# Visual Studio Version 17
VisualStudioVersion = 17.12.35527.113
MinimumVisualStudioVersion = 10.0.40219.1
Project("{9A19103F-16F7-4668-BE54-9A1E7A4F7556}") = "DalTest", "DalTest\DalTest.csproj", "{B2BE09A4-F22C-4159-8C3C-05ADB290995F}"
EndProject
Project("{9A19103F-16F7-4668-BE54-9A1E7A4F7556}") = "DalFacade", "DalFacade\DalFacade.csproj", "{5CF330CB-2F41-484D-83D0-5591A8FFB67E}"
EndProject
Project("{9A19103F-16F7-4668-BE54-9A1E7A4F7556}") = "DalList", "DalList\DalList.csproj", "{6F00F74A-6A3B-4288-8B06-5D1EA4025BDB}"
EndProject
Project("{9A19103F-16F7-4668-BE54-9A1E7A4F7556}") = "Tools", "Tools\Tools.csproj", "{B90EAD13-5322-4A61-BCCA-2A01127B6840}"
EndProject
Project("{2150E333-8FDC-42A3-9474-1A3956D46DE8}") = "xml", "xml", "{1C13922B-5246-4F98-B0C5-BB9EB6A5DD89}"
	ProjectSection(SolutionItems) = preProject
		xml\dal-config.xml = xml\dal-config.xml
	EndProjectSection
EndProject
Project("{FAE04EC0-301F-11D3-BF4B-00C04F79EFBC}") = "BL", "BL\BL.csproj", "{9372134D-1611-7D77-0539-DBBD897F17B7}"
EndProject
Project("{FAE04EC0-301F-11D3-BF4B-00C04F79EFBC}") = "BlTest", "BlTest\BlTest.csproj", "{E1485424-0E2A-4B48-BC6C-4F9B27A22948}"
EndProject
Global
	GlobalSection(SolutionConfigurationPlatforms) = preSolution
		Debug|Any CPU = Debug|Any CPU
		Release|Any CPU = Release|Any CPU
	EndGlobalSection
	GlobalSection(ProjectConfigurationPlatforms) = postSolution
		{B2BE09A4-F22C-4159-8C3C-05ADB290995F}.Debug|Any CPU.ActiveCfg = Debug|Any CPU
		{B2BE09A4-F22C-4159-8C3C-05ADB290995F}.Debug|Any CPU.Build.0 = Debug|Any CPU
		{B2BE09A4-F22C-4159-8C3C-05ADB290995F}.Release|Any CPU.ActiveCfg = Release|Any CPU
		{B2BE09A4-F22C-4159-8C3C-05ADB290995F}.Release|Any CPU.Build.0 = Release|Any CPU
		{5CF330CB-2F41-484D-83D0-5591A8FFB67E}.Debug|Any CPU.ActiveCfg = Debug|Any CPU
		{5CF330CB-2F41-484D-83D0-5591A8FFB67E}.Debug|Any CPU.Build.0 = Debug|Any CPU
		{5CF330CB-2F41-484D-83D0-5591A8FFB67E}.Release|Any CPU.ActiveCfg = Release|Any CPU
		{5CF330CB-2F41-484D-83D0-5591A8FFB67E}.Release|Any CPU.Build.0 = Release|Any CPU
		{6F00F74A-6A3B-4288-8B06-5D1EA4025BDB}.Debug|Any CPU.ActiveCfg = Debug|Any CPU
		{6F00F74A-6A3B-4288-8B06-5D1EA4025BDB}.Debug|Any CPU.Build.0 = Debug|Any CPU
		{6F00F74A-6A3B-4288-8B06-5D1EA4025BDB}.Release|Any CPU.ActiveCfg = Release|Any CPU
		{6F00F74A-6A3B-4288-8B06-5D1EA4025BDB}.Release|Any CPU.Build.0 = Release|Any CPU
		{B90EAD13-5322-4A61-BCCA-2A01127B6840}.Debug|Any CPU.ActiveCfg = Debug|Any CPU
		{B90EAD13-5322-4A61-BCCA-2A01127B6840}.Debug|Any CPU.Build.0 = Debug|Any CPU
		{B90EAD13-5322-4A61-BCCA-2A01127B6840}.Release|Any CPU.ActiveCfg = Release|Any CPU
		{B90EAD13-5322-4A61-BCCA-2A01127B6840}.Release|Any CPU.Build.0 = Release|Any CPU
		{9372134D-1611-7D77-0539-DBBD897F17B7}.Debug|Any CPU.ActiveCfg = Debug|Any CPU
		{9372134D-1611-7D77-0539-DBBD897F17B7}.Debug|Any CPU.Build.0 = Debug|Any CPU
		{9372134D-1611-7D77-0539-DBBD897F17B7}.Release|Any CPU.ActiveCfg = Release|Any CPU
		{9372134D-1611-7D77-0539-DBBD897F17B7}.Release|Any CPU.Build.0 = Release|Any CPU
		{E1485424-0E2A-4B48-BC6C-4F9B27A22948}.Debug|Any CPU.ActiveCfg = Debug|Any CPU
		{E1485424-0E2A-4B48-BC6C-4F9B27A22948}.Debug|Any CPU.Build.0 = Debug|Any CPU
		{E1485424-0E2A-4B48-BC6C-4F9B27A22948}.Release|Any CPU.ActiveCfg = Release|Any CPU
		{E1485424-0E2A-4B48-BC6C-4F9B27A22948}.Release|Any CPU.Build.0 = Release|Any CPU
	EndGlobalSection
	GlobalSection(SolutionProperties) = preSolution
		HideSolutionNode = FALSE
	EndGlobalSection
	GlobalSection(ExtensibilityGlobals) = postSolution
		SolutionGuid = {1032EB4A-676E-4C33-8F98-DD1201D1D569}
	EndGlobalSection
EndGlobal
